
Microsoft Visual Studio Solution File, Format Version 12.00
# Visual Studio 15
VisualStudioVersion = 15.0.26228.4
MinimumVisualStudioVersion = 10.0.40219.1
Project("{2150E333-8FDC-42A3-9474-1A3956D46DE8}") = "Presentation", "Presentation", "{0295DFAC-BF6E-46C0-A63D-FBE9AF3C04E5}"
EndProject
Project("{2150E333-8FDC-42A3-9474-1A3956D46DE8}") = "Database", "Database", "{34EEC2A7-F6F1-4D08-A685-9C39E1466B21}"
EndProject
Project("{2150E333-8FDC-42A3-9474-1A3956D46DE8}") = "Domain", "Domain", "{B4CE3CD4-74AA-4A22-B514-BC9B380AAFD7}"
EndProject
Project("{2150E333-8FDC-42A3-9474-1A3956D46DE8}") = "Infrastructure", "Infrastructure", "{B5D35D0C-387C-44FA-9A70-6FE24DAE5728}"
EndProject
Project("{FAE04EC0-301F-11D3-BF4B-00C04F79EFBC}") = "Core", "src\Core\Core.csproj", "{9B652491-4E9C-45E0-BE5B-EA6AF892F380}"
EndProject
Project("{FAE04EC0-301F-11D3-BF4B-00C04F79EFBC}") = "Services", "src\Services\Services.csproj", "{C02DECC9-2A82-42C0-8F26-D0AE6559AC5E}"
EndProject
Project("{00D1A9C2-B5F0-4AF3-8072-F6C62B433612}") = "SQL.AccountGo", "database\SQL.AccountGo\SQL.AccountGo.sqlproj", "{F0360E8D-C07F-4442-BB61-FB7C4C495BDD}"
EndProject
Project("{9A19103F-16F7-4668-BE54-9A1E7A4F7556}") = "Api", "src\Api\Api.csproj", "{09096FEC-DA29-4914-B046-CD280220C52A}"
EndProject
Project("{9A19103F-16F7-4668-BE54-9A1E7A4F7556}") = "AccountGoWeb", "src\AccountGoWeb\AccountGoWeb.csproj", "{9CA13D2D-D6E2-4201-946C-81D1E6093404}"
EndProject
Project("{FAE04EC0-301F-11D3-BF4B-00C04F79EFBC}") = "Dto", "src\Dto\Dto.csproj", "{1E610F55-2D74-4856-818B-0D0B47601B75}"
EndProject
Global
	GlobalSection(SolutionConfigurationPlatforms) = preSolution
		Debug|Any CPU = Debug|Any CPU
		Release|Any CPU = Release|Any CPU
	EndGlobalSection
	GlobalSection(ProjectConfigurationPlatforms) = postSolution
		{9B652491-4E9C-45E0-BE5B-EA6AF892F380}.Debug|Any CPU.ActiveCfg = Debug|Any CPU
		{9B652491-4E9C-45E0-BE5B-EA6AF892F380}.Debug|Any CPU.Build.0 = Debug|Any CPU
		{9B652491-4E9C-45E0-BE5B-EA6AF892F380}.Release|Any CPU.ActiveCfg = Release|Any CPU
		{9B652491-4E9C-45E0-BE5B-EA6AF892F380}.Release|Any CPU.Build.0 = Release|Any CPU
		{C02DECC9-2A82-42C0-8F26-D0AE6559AC5E}.Debug|Any CPU.ActiveCfg = Debug|Any CPU
		{C02DECC9-2A82-42C0-8F26-D0AE6559AC5E}.Debug|Any CPU.Build.0 = Debug|Any CPU
		{C02DECC9-2A82-42C0-8F26-D0AE6559AC5E}.Release|Any CPU.ActiveCfg = Release|Any CPU
		{C02DECC9-2A82-42C0-8F26-D0AE6559AC5E}.Release|Any CPU.Build.0 = Release|Any CPU
		{F0360E8D-C07F-4442-BB61-FB7C4C495BDD}.Debug|Any CPU.ActiveCfg = Debug|Any CPU
		{F0360E8D-C07F-4442-BB61-FB7C4C495BDD}.Debug|Any CPU.Build.0 = Debug|Any CPU
		{F0360E8D-C07F-4442-BB61-FB7C4C495BDD}.Release|Any CPU.ActiveCfg = Release|Any CPU
		{F0360E8D-C07F-4442-BB61-FB7C4C495BDD}.Release|Any CPU.Build.0 = Release|Any CPU
		{F0360E8D-C07F-4442-BB61-FB7C4C495BDD}.Release|Any CPU.Deploy.0 = Release|Any CPU
		{09096FEC-DA29-4914-B046-CD280220C52A}.Debug|Any CPU.ActiveCfg = Debug|Any CPU
		{09096FEC-DA29-4914-B046-CD280220C52A}.Debug|Any CPU.Build.0 = Debug|Any CPU
		{09096FEC-DA29-4914-B046-CD280220C52A}.Release|Any CPU.ActiveCfg = Release|Any CPU
		{09096FEC-DA29-4914-B046-CD280220C52A}.Release|Any CPU.Build.0 = Release|Any CPU
		{9CA13D2D-D6E2-4201-946C-81D1E6093404}.Debug|Any CPU.ActiveCfg = Debug|Any CPU
		{9CA13D2D-D6E2-4201-946C-81D1E6093404}.Debug|Any CPU.Build.0 = Debug|Any CPU
		{9CA13D2D-D6E2-4201-946C-81D1E6093404}.Release|Any CPU.ActiveCfg = Release|Any CPU
		{9CA13D2D-D6E2-4201-946C-81D1E6093404}.Release|Any CPU.Build.0 = Release|Any CPU
		{1E610F55-2D74-4856-818B-0D0B47601B75}.Debug|Any CPU.ActiveCfg = Debug|Any CPU
		{1E610F55-2D74-4856-818B-0D0B47601B75}.Debug|Any CPU.Build.0 = Debug|Any CPU
		{1E610F55-2D74-4856-818B-0D0B47601B75}.Release|Any CPU.ActiveCfg = Release|Any CPU
		{1E610F55-2D74-4856-818B-0D0B47601B75}.Release|Any CPU.Build.0 = Release|Any CPU
	EndGlobalSection
	GlobalSection(SolutionProperties) = preSolution
		HideSolutionNode = FALSE
	EndGlobalSection
	GlobalSection(NestedProjects) = preSolution
		{9B652491-4E9C-45E0-BE5B-EA6AF892F380} = {B4CE3CD4-74AA-4A22-B514-BC9B380AAFD7}
		{C02DECC9-2A82-42C0-8F26-D0AE6559AC5E} = {B4CE3CD4-74AA-4A22-B514-BC9B380AAFD7}
		{F0360E8D-C07F-4442-BB61-FB7C4C495BDD} = {34EEC2A7-F6F1-4D08-A685-9C39E1466B21}
		{09096FEC-DA29-4914-B046-CD280220C52A} = {0295DFAC-BF6E-46C0-A63D-FBE9AF3C04E5}
		{9CA13D2D-D6E2-4201-946C-81D1E6093404} = {0295DFAC-BF6E-46C0-A63D-FBE9AF3C04E5}
		{1E610F55-2D74-4856-818B-0D0B47601B75} = {0295DFAC-BF6E-46C0-A63D-FBE9AF3C04E5}
	EndGlobalSection
EndGlobal
