
Microsoft Visual Studio Solution File, Format Version 12.00
# Visual Studio Version 17
VisualStudioVersion = 17.5.002.0
MinimumVisualStudioVersion = 10.0.40219.1
Project("{9A19103F-16F7-4668-BE54-9A1E7A4F7556}") = "ApiGoodBooks", "ApiGoodBooks.csproj", "{58433A3A-3938-4236-B866-40DA9FB6129E}"
EndProject
Global
	GlobalSection(SolutionConfigurationPlatforms) = preSolution
		Debug|Any CPU = Debug|Any CPU
		Release|Any CPU = Release|Any CPU
	EndGlobalSection
	GlobalSection(ProjectConfigurationPlatforms) = postSolution
		{58433A3A-3938-4236-B866-40DA9FB6129E}.Debug|Any CPU.ActiveCfg = Debug|Any CPU
		{58433A3A-3938-4236-B866-40DA9FB6129E}.Debug|Any CPU.Build.0 = Debug|Any CPU
		{58433A3A-3938-4236-B866-40DA9FB6129E}.Release|Any CPU.ActiveCfg = Release|Any CPU
		{58433A3A-3938-4236-B866-40DA9FB6129E}.Release|Any CPU.Build.0 = Release|Any CPU
	EndGlobalSection
	GlobalSection(SolutionProperties) = preSolution
		HideSolutionNode = FALSE
	EndGlobalSection
	GlobalSection(ExtensibilityGlobals) = postSolution
		SolutionGuid = {27971ED4-B1A8-46F9-AC09-6B9AF42EA5AC}
	EndGlobalSection
EndGlobal
