
Microsoft Visual Studio Solution File, Format Version 12.00
# Visual Studio Version 17
VisualStudioVersion = 17.5.002.0
MinimumVisualStudioVersion = 10.0.40219.1
Project("{9A19103F-16F7-4668-BE54-9A1E7A4F7556}") = "AccountGoWeb", "AccountGoWeb.csproj", "{A064BB27-938A-4D5B-823C-91201F7A3A3C}"
EndProject
Global
	GlobalSection(SolutionConfigurationPlatforms) = preSolution
		Debug|Any CPU = Debug|Any CPU
		Release|Any CPU = Release|Any CPU
	EndGlobalSection
	GlobalSection(ProjectConfigurationPlatforms) = postSolution
		{A064BB27-938A-4D5B-823C-91201F7A3A3C}.Debug|Any CPU.ActiveCfg = Debug|Any CPU
		{A064BB27-938A-4D5B-823C-91201F7A3A3C}.Debug|Any CPU.Build.0 = Debug|Any CPU
		{A064BB27-938A-4D5B-823C-91201F7A3A3C}.Release|Any CPU.ActiveCfg = Release|Any CPU
		{A064BB27-938A-4D5B-823C-91201F7A3A3C}.Release|Any CPU.Build.0 = Release|Any CPU
	EndGlobalSection
	GlobalSection(SolutionProperties) = preSolution
		HideSolutionNode = FALSE
	EndGlobalSection
	GlobalSection(ExtensibilityGlobals) = postSolution
		SolutionGuid = {3AA59228-3D76-475F-AAE5-DD2A0D90E39B}
	EndGlobalSection
EndGlobal
